
Microsoft Visual Studio Solution File, Format Version 10.00
# Visual Studio 2008
Project("{8BC9CEB8-8B4A-11D0-8D11-00A0C91BC942}") = "i1Display3MfcDemo", "i1Display3MfcDemo.vcproj", "{0A249DA7-7AB5-40DD-BE2A-D9F23C3214FC}"
EndProject
Global
	GlobalSection(SolutionConfigurationPlatforms) = preSolution
		Debug|Win32 = Debug|Win32
		Release|Win32 = Release|Win32
	EndGlobalSection
	GlobalSection(ProjectConfigurationPlatforms) = postSolution
		{0A249DA7-7AB5-40DD-BE2A-D9F23C3214FC}.Debug|Win32.ActiveCfg = Debug|Win32
		{0A249DA7-7AB5-40DD-BE2A-D9F23C3214FC}.Debug|Win32.Build.0 = Debug|Win32
		{0A249DA7-7AB5-40DD-BE2A-D9F23C3214FC}.Release|Win32.ActiveCfg = Release|Win32
		{0A249DA7-7AB5-40DD-BE2A-D9F23C3214FC}.Release|Win32.Build.0 = Release|Win32
	EndGlobalSection
	GlobalSection(SolutionProperties) = preSolution
		HideSolutionNode = FALSE
	EndGlobalSection
EndGlobal
